// !$*UTF8*$!
{
	archiveVersion = 1;
	classes = {
	};
	objectVersion = 50;
	objects = {

/* Begin PBXBuildFile section */
		CE726E9D237BE38200C99DD2 /* CellDayTemper.swift in Sources */ = {isa = PBXBuildFile; fileRef = CE726E9C237BE38200C99DD2 /* CellDayTemper.swift */; };
		CE726E9F237BE49B00C99DD2 /* SunRiseSet.swift in Sources */ = {isa = PBXBuildFile; fileRef = CE726E9E237BE49B00C99DD2 /* SunRiseSet.swift */; };
		CE726EA2237BF27600C99DD2 /* ModelTVCellDay.swift in Sources */ = {isa = PBXBuildFile; fileRef = CE726EA1237BF27600C99DD2 /* ModelTVCellDay.swift */; };
		CE726EA4237BF29D00C99DD2 /* ModelTVCellSunRS.swift in Sources */ = {isa = PBXBuildFile; fileRef = CE726EA3237BF29C00C99DD2 /* ModelTVCellSunRS.swift */; };
		CE726EA6237BF30300C99DD2 /* ModelColViewCell.swift in Sources */ = {isa = PBXBuildFile; fileRef = CE726EA5237BF30300C99DD2 /* ModelColViewCell.swift */; };
		CE726EA9237C88BB00C99DD2 /* ResponsFiveDayForecast.swift in Sources */ = {isa = PBXBuildFile; fileRef = CE726EA8237C88BB00C99DD2 /* ResponsFiveDayForecast.swift */; };
		CE726EAB237C89EE00C99DD2 /* ApiKey.swift in Sources */ = {isa = PBXBuildFile; fileRef = CE726EAA237C89EE00C99DD2 /* ApiKey.swift */; };
		CE726EAE237C8D8A00C99DD2 /* OneDayForecast.swift in Sources */ = {isa = PBXBuildFile; fileRef = CE726EAD237C8D8A00C99DD2 /* OneDayForecast.swift */; };
		CE89B22E238187DD00BA2442 /* ExtensionViewContTableVC.swift in Sources */ = {isa = PBXBuildFile; fileRef = CE89B22D238187DD00BA2442 /* ExtensionViewContTableVC.swift */; };
		CE89B2302381888F00BA2442 /* extensionViewConCollVC.swift in Sources */ = {isa = PBXBuildFile; fileRef = CE89B22F2381888F00BA2442 /* extensionViewConCollVC.swift */; };
		CE89B2372384706300BA2442 /* ResponsOneDayForecast.swift in Sources */ = {isa = PBXBuildFile; fileRef = CE89B2362384706300BA2442 /* ResponsOneDayForecast.swift */; };
		CE89B23923856ED900BA2442 /* ResponsCity.swift in Sources */ = {isa = PBXBuildFile; fileRef = CE89B23823856ED900BA2442 /* ResponsCity.swift */; };
		CE89B23B23856F6700BA2442 /* ResponsTwentyHoursForecast.swift in Sources */ = {isa = PBXBuildFile; fileRef = CE89B23A23856F6600BA2442 /* ResponsTwentyHoursForecast.swift */; };
		CE89B23D2385717100BA2442 /* ParsData.swift in Sources */ = {isa = PBXBuildFile; fileRef = CE89B23C2385717100BA2442 /* ParsData.swift */; };
		CEEB0C142371EE0E00CF8F37 /* AppDelegate.swift in Sources */ = {isa = PBXBuildFile; fileRef = CEEB0C132371EE0E00CF8F37 /* AppDelegate.swift */; };
		CEEB0C162371EE0E00CF8F37 /* SceneDelegate.swift in Sources */ = {isa = PBXBuildFile; fileRef = CEEB0C152371EE0E00CF8F37 /* SceneDelegate.swift */; };
		CEEB0C182371EE0E00CF8F37 /* ViewController.swift in Sources */ = {isa = PBXBuildFile; fileRef = CEEB0C172371EE0E00CF8F37 /* ViewController.swift */; };
		CEEB0C1B2371EE0E00CF8F37 /* Main.storyboard in Resources */ = {isa = PBXBuildFile; fileRef = CEEB0C192371EE0E00CF8F37 /* Main.storyboard */; };
		CEEB0C1D2371EE1100CF8F37 /* Assets.xcassets in Resources */ = {isa = PBXBuildFile; fileRef = CEEB0C1C2371EE1100CF8F37 /* Assets.xcassets */; };
		CEEB0C202371EE1100CF8F37 /* LaunchScreen.storyboard in Resources */ = {isa = PBXBuildFile; fileRef = CEEB0C1E2371EE1100CF8F37 /* LaunchScreen.storyboard */; };
/* End PBXBuildFile section */

/* Begin PBXFileReference section */
		CE726E9C237BE38200C99DD2 /* CellDayTemper.swift */ = {isa = PBXFileReference; lastKnownFileType = sourcecode.swift; path = CellDayTemper.swift; sourceTree = "<group>"; };
		CE726E9E237BE49B00C99DD2 /* SunRiseSet.swift */ = {isa = PBXFileReference; lastKnownFileType = sourcecode.swift; path = SunRiseSet.swift; sourceTree = "<group>"; };
		CE726EA1237BF27600C99DD2 /* ModelTVCellDay.swift */ = {isa = PBXFileReference; lastKnownFileType = sourcecode.swift; path = ModelTVCellDay.swift; sourceTree = "<group>"; };
		CE726EA3237BF29C00C99DD2 /* ModelTVCellSunRS.swift */ = {isa = PBXFileReference; lastKnownFileType = sourcecode.swift; path = ModelTVCellSunRS.swift; sourceTree = "<group>"; };
		CE726EA5237BF30300C99DD2 /* ModelColViewCell.swift */ = {isa = PBXFileReference; lastKnownFileType = sourcecode.swift; path = ModelColViewCell.swift; sourceTree = "<group>"; };
		CE726EA8237C88BB00C99DD2 /* ResponsFiveDayForecast.swift */ = {isa = PBXFileReference; lastKnownFileType = sourcecode.swift; path = ResponsFiveDayForecast.swift; sourceTree = "<group>"; };
		CE726EAA237C89EE00C99DD2 /* ApiKey.swift */ = {isa = PBXFileReference; lastKnownFileType = sourcecode.swift; path = ApiKey.swift; sourceTree = "<group>"; };
		CE726EAD237C8D8A00C99DD2 /* OneDayForecast.swift */ = {isa = PBXFileReference; lastKnownFileType = sourcecode.swift; path = OneDayForecast.swift; sourceTree = "<group>"; };
		CE89B22D238187DD00BA2442 /* ExtensionViewContTableVC.swift */ = {isa = PBXFileReference; lastKnownFileType = sourcecode.swift; path = ExtensionViewContTableVC.swift; sourceTree = "<group>"; };
		CE89B22F2381888F00BA2442 /* extensionViewConCollVC.swift */ = {isa = PBXFileReference; lastKnownFileType = sourcecode.swift; path = extensionViewConCollVC.swift; sourceTree = "<group>"; };
		CE89B2362384706300BA2442 /* ResponsOneDayForecast.swift */ = {isa = PBXFileReference; lastKnownFileType = sourcecode.swift; path = ResponsOneDayForecast.swift; sourceTree = "<group>"; };
		CE89B23823856ED900BA2442 /* ResponsCity.swift */ = {isa = PBXFileReference; lastKnownFileType = sourcecode.swift; path = ResponsCity.swift; sourceTree = "<group>"; };
		CE89B23A23856F6600BA2442 /* ResponsTwentyHoursForecast.swift */ = {isa = PBXFileReference; lastKnownFileType = sourcecode.swift; path = ResponsTwentyHoursForecast.swift; sourceTree = "<group>"; };
		CE89B23C2385717100BA2442 /* ParsData.swift */ = {isa = PBXFileReference; lastKnownFileType = sourcecode.swift; path = ParsData.swift; sourceTree = "<group>"; };
		CEEB0C102371EE0E00CF8F37 /* TemperaturProject.app */ = {isa = PBXFileReference; explicitFileType = wrapper.application; includeInIndex = 0; path = TemperaturProject.app; sourceTree = BUILT_PRODUCTS_DIR; };
		CEEB0C132371EE0E00CF8F37 /* AppDelegate.swift */ = {isa = PBXFileReference; lastKnownFileType = sourcecode.swift; path = AppDelegate.swift; sourceTree = "<group>"; };
		CEEB0C152371EE0E00CF8F37 /* SceneDelegate.swift */ = {isa = PBXFileReference; lastKnownFileType = sourcecode.swift; path = SceneDelegate.swift; sourceTree = "<group>"; };
		CEEB0C172371EE0E00CF8F37 /* ViewController.swift */ = {isa = PBXFileReference; lastKnownFileType = sourcecode.swift; path = ViewController.swift; sourceTree = "<group>"; };
		CEEB0C1A2371EE0E00CF8F37 /* Base */ = {isa = PBXFileReference; lastKnownFileType = file.storyboard; name = Base; path = Base.lproj/Main.storyboard; sourceTree = "<group>"; };
		CEEB0C1C2371EE1100CF8F37 /* Assets.xcassets */ = {isa = PBXFileReference; lastKnownFileType = folder.assetcatalog; path = Assets.xcassets; sourceTree = "<group>"; };
		CEEB0C1F2371EE1100CF8F37 /* Base */ = {isa = PBXFileReference; lastKnownFileType = file.storyboard; name = Base; path = Base.lproj/LaunchScreen.storyboard; sourceTree = "<group>"; };
		CEEB0C212371EE1100CF8F37 /* Info.plist */ = {isa = PBXFileReference; lastKnownFileType = text.plist.xml; path = Info.plist; sourceTree = "<group>"; };
/* End PBXFileReference section */

/* Begin PBXFrameworksBuildPhase section */
		CEEB0C0D2371EE0E00CF8F37 /* Frameworks */ = {
			isa = PBXFrameworksBuildPhase;
			buildActionMask = 2147483647;
			files = (
			);
			runOnlyForDeploymentPostprocessing = 0;
		};
/* End PBXFrameworksBuildPhase section */

/* Begin PBXGroup section */
		CE726EA0237BE59C00C99DD2 /* ClassesTVCell */ = {
			isa = PBXGroup;
			children = (
				CE726E9C237BE38200C99DD2 /* CellDayTemper.swift */,
				CE726E9E237BE49B00C99DD2 /* SunRiseSet.swift */,
			);
			path = ClassesTVCell;
			sourceTree = "<group>";
		};
		CE726EA7237BF31100C99DD2 /* Models */ = {
			isa = PBXGroup;
			children = (
				CE726EA1237BF27600C99DD2 /* ModelTVCellDay.swift */,
				CE726EA3237BF29C00C99DD2 /* ModelTVCellSunRS.swift */,
				CE726EA5237BF30300C99DD2 /* ModelColViewCell.swift */,
				CE89B23823856ED900BA2442 /* ResponsCity.swift */,
				CE89B23A23856F6600BA2442 /* ResponsTwentyHoursForecast.swift */,
				CE89B2362384706300BA2442 /* ResponsOneDayForecast.swift */,
				CE726EA8237C88BB00C99DD2 /* ResponsFiveDayForecast.swift */,
			);
			path = Models;
			sourceTree = "<group>";
		};
		CE726EAC237C8D4A00C99DD2 /* Requests */ = {
			isa = PBXGroup;
			children = (
				CE726EAA237C89EE00C99DD2 /* ApiKey.swift */,
				CE726EAD237C8D8A00C99DD2 /* OneDayForecast.swift */,
				CE89B23C2385717100BA2442 /* ParsData.swift */,
			);
			path = Requests;
			sourceTree = "<group>";
		};
		CEEB0C072371EE0E00CF8F37 = {
			isa = PBXGroup;
			children = (
				CEEB0C122371EE0E00CF8F37 /* TemperaturProject */,
				CEEB0C112371EE0E00CF8F37 /* Products */,
			);
			sourceTree = "<group>";
		};
		CEEB0C112371EE0E00CF8F37 /* Products */ = {
			isa = PBXGroup;
			children = (
				CEEB0C102371EE0E00CF8F37 /* TemperaturProject.app */,
			);
			name = Products;
			sourceTree = "<group>";
		};
		CEEB0C122371EE0E00CF8F37 /* TemperaturProject */ = {
			isa = PBXGroup;
			children = (
				CEEB0C132371EE0E00CF8F37 /* AppDelegate.swift */,
				CEEB0C152371EE0E00CF8F37 /* SceneDelegate.swift */,
				CEEB0C172371EE0E00CF8F37 /* ViewController.swift */,
				CE89B22F2381888F00BA2442 /* extensionViewConCollVC.swift */,
				CE89B22D238187DD00BA2442 /* ExtensionViewContTableVC.swift */,
				CE726EAC237C8D4A00C99DD2 /* Requests */,
				CE726EA7237BF31100C99DD2 /* Models */,
				CE726EA0237BE59C00C99DD2 /* ClassesTVCell */,
				CEEB0C192371EE0E00CF8F37 /* Main.storyboard */,
				CEEB0C1C2371EE1100CF8F37 /* Assets.xcassets */,
				CEEB0C1E2371EE1100CF8F37 /* LaunchScreen.storyboard */,
				CEEB0C212371EE1100CF8F37 /* Info.plist */,
			);
			path = TemperaturProject;
			sourceTree = "<group>";
		};
/* End PBXGroup section */

/* Begin PBXNativeTarget section */
		CEEB0C0F2371EE0E00CF8F37 /* TemperaturProject */ = {
			isa = PBXNativeTarget;
			buildConfigurationList = CEEB0C242371EE1100CF8F37 /* Build configuration list for PBXNativeTarget "TemperaturProject" */;
			buildPhases = (
				CEEB0C0C2371EE0E00CF8F37 /* Sources */,
				CEEB0C0D2371EE0E00CF8F37 /* Frameworks */,
				CEEB0C0E2371EE0E00CF8F37 /* Resources */,
			);
			buildRules = (
			);
			dependencies = (
			);
			name = TemperaturProject;
			productName = TemperaturProject;
			productReference = CEEB0C102371EE0E00CF8F37 /* TemperaturProject.app */;
			productType = "com.apple.product-type.application";
		};
/* End PBXNativeTarget section */

/* Begin PBXProject section */
		CEEB0C082371EE0E00CF8F37 /* Project object */ = {
			isa = PBXProject;
			attributes = {
				LastSwiftUpdateCheck = 1110;
				LastUpgradeCheck = 1110;
				ORGANIZATIONNAME = "Serhii Hryhorenko";
				TargetAttributes = {
					CEEB0C0F2371EE0E00CF8F37 = {
						CreatedOnToolsVersion = 11.1;
					};
				};
			};
			buildConfigurationList = CEEB0C0B2371EE0E00CF8F37 /* Build configuration list for PBXProject "TemperaturProject" */;
			compatibilityVersion = "Xcode 9.3";
			developmentRegion = en;
			hasScannedForEncodings = 0;
			knownRegions = (
				en,
				Base,
			);
			mainGroup = CEEB0C072371EE0E00CF8F37;
			productRefGroup = CEEB0C112371EE0E00CF8F37 /* Products */;
			projectDirPath = "";
			projectRoot = "";
			targets = (
				CEEB0C0F2371EE0E00CF8F37 /* TemperaturProject */,
			);
		};
/* End PBXProject section */

/* Begin PBXResourcesBuildPhase section */
		CEEB0C0E2371EE0E00CF8F37 /* Resources */ = {
			isa = PBXResourcesBuildPhase;
			buildActionMask = 2147483647;
			files = (
				CEEB0C202371EE1100CF8F37 /* LaunchScreen.storyboard in Resources */,
				CEEB0C1D2371EE1100CF8F37 /* Assets.xcassets in Resources */,
				CEEB0C1B2371EE0E00CF8F37 /* Main.storyboard in Resources */,
			);
			runOnlyForDeploymentPostprocessing = 0;
		};
/* End PBXResourcesBuildPhase section */

/* Begin PBXSourcesBuildPhase section */
		CEEB0C0C2371EE0E00CF8F37 /* Sources */ = {
			isa = PBXSourcesBuildPhase;
			buildActionMask = 2147483647;
			files = (
				CE726EAB237C89EE00C99DD2 /* ApiKey.swift in Sources */,
				CE726EA2237BF27600C99DD2 /* ModelTVCellDay.swift in Sources */,
				CE89B2302381888F00BA2442 /* extensionViewConCollVC.swift in Sources */,
				CEEB0C182371EE0E00CF8F37 /* ViewController.swift in Sources */,
				CE726E9D237BE38200C99DD2 /* CellDayTemper.swift in Sources */,
				CE89B23D2385717100BA2442 /* ParsData.swift in Sources */,
				CE726EAE237C8D8A00C99DD2 /* OneDayForecast.swift in Sources */,
				CE726EA6237BF30300C99DD2 /* ModelColViewCell.swift in Sources */,
				CEEB0C142371EE0E00CF8F37 /* AppDelegate.swift in Sources */,
				CE726EA9237C88BB00C99DD2 /* ResponsFiveDayForecast.swift in Sources */,
				CE726EA4237BF29D00C99DD2 /* ModelTVCellSunRS.swift in Sources */,
				CE726E9F237BE49B00C99DD2 /* SunRiseSet.swift in Sources */,
				CE89B23B23856F6700BA2442 /* ResponsTwentyHoursForecast.swift in Sources */,
				CE89B2372384706300BA2442 /* ResponsOneDayForecast.swift in Sources */,
				CE89B22E238187DD00BA2442 /* ExtensionViewContTableVC.swift in Sources */,
				CEEB0C162371EE0E00CF8F37 /* SceneDelegate.swift in Sources */,
				CE89B23923856ED900BA2442 /* ResponsCity.swift in Sources */,
			);
			runOnlyForDeploymentPostprocessing = 0;
		};
/* End PBXSourcesBuildPhase section */

/* Begin PBXVariantGroup section */
		CEEB0C192371EE0E00CF8F37 /* Main.storyboard */ = {
			isa = PBXVariantGroup;
			children = (
				CEEB0C1A2371EE0E00CF8F37 /* Base */,
			);
			name = Main.storyboard;
			sourceTree = "<group>";
		};
		CEEB0C1E2371EE1100CF8F37 /* LaunchScreen.storyboard */ = {
			isa = PBXVariantGroup;
			children = (
				CEEB0C1F2371EE1100CF8F37 /* Base */,
			);
			name = LaunchScreen.storyboard;
			sourceTree = "<group>";
		};
/* End PBXVariantGroup section */

/* Begin XCBuildConfiguration section */
		CEEB0C222371EE1100CF8F37 /* Debug */ = {
			isa = XCBuildConfiguration;
			buildSettings = {
				ALWAYS_SEARCH_USER_PATHS = NO;
				CLANG_ANALYZER_NONNULL = YES;
				CLANG_ANALYZER_NUMBER_OBJECT_CONVERSION = YES_AGGRESSIVE;
				CLANG_CXX_LANGUAGE_STANDARD = "gnu++14";
				CLANG_CXX_LIBRARY = "libc++";
				CLANG_ENABLE_MODULES = YES;
				CLANG_ENABLE_OBJC_ARC = YES;
				CLANG_ENABLE_OBJC_WEAK = YES;
				CLANG_WARN_BLOCK_CAPTURE_AUTORELEASING = YES;
				CLANG_WARN_BOOL_CONVERSION = YES;
				CLANG_WARN_COMMA = YES;
				CLANG_WARN_CONSTANT_CONVERSION = YES;
				CLANG_WARN_DEPRECATED_OBJC_IMPLEMENTATIONS = YES;
				CLANG_WARN_DIRECT_OBJC_ISA_USAGE = YES_ERROR;
				CLANG_WARN_DOCUMENTATION_COMMENTS = YES;
				CLANG_WARN_EMPTY_BODY = YES;
				CLANG_WARN_ENUM_CONVERSION = YES;
				CLANG_WARN_INFINITE_RECURSION = YES;
				CLANG_WARN_INT_CONVERSION = YES;
				CLANG_WARN_NON_LITERAL_NULL_CONVERSION = YES;
				CLANG_WARN_OBJC_IMPLICIT_RETAIN_SELF = YES;
				CLANG_WARN_OBJC_LITERAL_CONVERSION = YES;
				CLANG_WARN_OBJC_ROOT_CLASS = YES_ERROR;
				CLANG_WARN_RANGE_LOOP_ANALYSIS = YES;
				CLANG_WARN_STRICT_PROTOTYPES = YES;
				CLANG_WARN_SUSPICIOUS_MOVE = YES;
				CLANG_WARN_UNGUARDED_AVAILABILITY = YES_AGGRESSIVE;
				CLANG_WARN_UNREACHABLE_CODE = YES;
				CLANG_WARN__DUPLICATE_METHOD_MATCH = YES;
				COPY_PHASE_STRIP = NO;
				DEBUG_INFORMATION_FORMAT = dwarf;
				ENABLE_STRICT_OBJC_MSGSEND = YES;
				ENABLE_TESTABILITY = YES;
				GCC_C_LANGUAGE_STANDARD = gnu11;
				GCC_DYNAMIC_NO_PIC = NO;
				GCC_NO_COMMON_BLOCKS = YES;
				GCC_OPTIMIZATION_LEVEL = 0;
				GCC_PREPROCESSOR_DEFINITIONS = (
					"DEBUG=1",
					"$(inherited)",
				);
				GCC_WARN_64_TO_32_BIT_CONVERSION = YES;
				GCC_WARN_ABOUT_RETURN_TYPE = YES_ERROR;
				GCC_WARN_UNDECLARED_SELECTOR = YES;
				GCC_WARN_UNINITIALIZED_AUTOS = YES_AGGRESSIVE;
				GCC_WARN_UNUSED_FUNCTION = YES;
				GCC_WARN_UNUSED_VARIABLE = YES;
				IPHONEOS_DEPLOYMENT_TARGET = 13.1;
				MTL_ENABLE_DEBUG_INFO = INCLUDE_SOURCE;
				MTL_FAST_MATH = YES;
				ONLY_ACTIVE_ARCH = YES;
				SDKROOT = iphoneos;
				SWIFT_ACTIVE_COMPILATION_CONDITIONS = DEBUG;
				SWIFT_OPTIMIZATION_LEVEL = "-Onone";
			};
			name = Debug;
		};
		CEEB0C232371EE1100CF8F37 /* Release */ = {
			isa = XCBuildConfiguration;
			buildSettings = {
				ALWAYS_SEARCH_USER_PATHS = NO;
				CLANG_ANALYZER_NONNULL = YES;
				CLANG_ANALYZER_NUMBER_OBJECT_CONVERSION = YES_AGGRESSIVE;
				CLANG_CXX_LANGUAGE_STANDARD = "gnu++14";
				CLANG_CXX_LIBRARY = "libc++";
				CLANG_ENABLE_MODULES = YES;
				CLANG_ENABLE_OBJC_ARC = YES;
				CLANG_ENABLE_OBJC_WEAK = YES;
				CLANG_WARN_BLOCK_CAPTURE_AUTORELEASING = YES;
				CLANG_WARN_BOOL_CONVERSION = YES;
				CLANG_WARN_COMMA = YES;
				CLANG_WARN_CONSTANT_CONVERSION = YES;
				CLANG_WARN_DEPRECATED_OBJC_IMPLEMENTATIONS = YES;
				CLANG_WARN_DIRECT_OBJC_ISA_USAGE = YES_ERROR;
				CLANG_WARN_DOCUMENTATION_COMMENTS = YES;
				CLANG_WARN_EMPTY_BODY = YES;
				CLANG_WARN_ENUM_CONVERSION = YES;
				CLANG_WARN_INFINITE_RECURSION = YES;
				CLANG_WARN_INT_CONVERSION = YES;
				CLANG_WARN_NON_LITERAL_NULL_CONVERSION = YES;
				CLANG_WARN_OBJC_IMPLICIT_RETAIN_SELF = YES;
				CLANG_WARN_OBJC_LITERAL_CONVERSION = YES;
				CLANG_WARN_OBJC_ROOT_CLASS = YES_ERROR;
				CLANG_WARN_RANGE_LOOP_ANALYSIS = YES;
				CLANG_WARN_STRICT_PROTOTYPES = YES;
				CLANG_WARN_SUSPICIOUS_MOVE = YES;
				CLANG_WARN_UNGUARDED_AVAILABILITY = YES_AGGRESSIVE;
				CLANG_WARN_UNREACHABLE_CODE = YES;
				CLANG_WARN__DUPLICATE_METHOD_MATCH = YES;
				COPY_PHASE_STRIP = NO;
				DEBUG_INFORMATION_FORMAT = "dwarf-with-dsym";
				ENABLE_NS_ASSERTIONS = NO;
				ENABLE_STRICT_OBJC_MSGSEND = YES;
				GCC_C_LANGUAGE_STANDARD = gnu11;
				GCC_NO_COMMON_BLOCKS = YES;
				GCC_WARN_64_TO_32_BIT_CONVERSION = YES;
				GCC_WARN_ABOUT_RETURN_TYPE = YES_ERROR;
				GCC_WARN_UNDECLARED_SELECTOR = YES;
				GCC_WARN_UNINITIALIZED_AUTOS = YES_AGGRESSIVE;
				GCC_WARN_UNUSED_FUNCTION = YES;
				GCC_WARN_UNUSED_VARIABLE = YES;
				IPHONEOS_DEPLOYMENT_TARGET = 13.1;
				MTL_ENABLE_DEBUG_INFO = NO;
				MTL_FAST_MATH = YES;
				SDKROOT = iphoneos;
				SWIFT_COMPILATION_MODE = wholemodule;
				SWIFT_OPTIMIZATION_LEVEL = "-O";
				VALIDATE_PRODUCT = YES;
			};
			name = Release;
		};
		CEEB0C252371EE1100CF8F37 /* Debug */ = {
			isa = XCBuildConfiguration;
			buildSettings = {
				ASSETCATALOG_COMPILER_APPICON_NAME = AppIcon;
				CODE_SIGN_STYLE = Automatic;
				DEVELOPMENT_TEAM = 53639RW6U6;
				INFOPLIST_FILE = TemperaturProject/Info.plist;
				LD_RUNPATH_SEARCH_PATHS = (
					"$(inherited)",
					"@executable_path/Frameworks",
				);
				PRODUCT_BUNDLE_IDENTIFIER = "-.TemperaturProject";
				PRODUCT_NAME = "$(TARGET_NAME)";
				SWIFT_VERSION = 5.0;
				TARGETED_DEVICE_FAMILY = "1,2";
			};
			name = Debug;
		};
		CEEB0C262371EE1100CF8F37 /* Release */ = {
			isa = XCBuildConfiguration;
			buildSettings = {
				ASSETCATALOG_COMPILER_APPICON_NAME = AppIcon;
				CODE_SIGN_STYLE = Automatic;
				DEVELOPMENT_TEAM = 53639RW6U6;
				INFOPLIST_FILE = TemperaturProject/Info.plist;
				LD_RUNPATH_SEARCH_PATHS = (
					"$(inherited)",
					"@executable_path/Frameworks",
				);
				PRODUCT_BUNDLE_IDENTIFIER = "-.TemperaturProject";
				PRODUCT_NAME = "$(TARGET_NAME)";
				SWIFT_VERSION = 5.0;
				TARGETED_DEVICE_FAMILY = "1,2";
			};
			name = Release;
		};
/* End XCBuildConfiguration section */

/* Begin XCConfigurationList section */
		CEEB0C0B2371EE0E00CF8F37 /* Build configuration list for PBXProject "TemperaturProject" */ = {
			isa = XCConfigurationList;
			buildConfigurations = (
				CEEB0C222371EE1100CF8F37 /* Debug */,
				CEEB0C232371EE1100CF8F37 /* Release */,
			);
			defaultConfigurationIsVisible = 0;
			defaultConfigurationName = Release;
		};
		CEEB0C242371EE1100CF8F37 /* Build configuration list for PBXNativeTarget "TemperaturProject" */ = {
			isa = XCConfigurationList;
			buildConfigurations = (
				CEEB0C252371EE1100CF8F37 /* Debug */,
				CEEB0C262371EE1100CF8F37 /* Release */,
			);
			defaultConfigurationIsVisible = 0;
			defaultConfigurationName = Release;
		};
/* End XCConfigurationList section */
	};
	rootObject = CEEB0C082371EE0E00CF8F37 /* Project object */;
}
